github.com/go-telegram-bot-api/telegram-bot-api v4.6.4+incompatible h1:2cauKuaELYAEARXRkq2LrJ0yDDv1rW7+wrTEdVL3uaU=
github.com/go-telegram-bot-api/telegram-bot-api v4.6.4+incompatible/go.mod h1:qf9acutJ8cwBUhm1bqgz6Bei9/C/c93FPDljKWwsOgM=
github.com/technoweenie/multipartstreamer v1.0.1 h1:XRztA5MXiR1TIRHxH2uNxXxaIkKQDeX7m2XsSOlQEnM=
github.com/technoweenie/multipartstreamer v1.0.1/go.mod h1:jNVxdtShOxzAsukZwTSw6MDx5eUJoiEBsSvzDU9uzog=
github.com/zshorz/ezlog v0.1.3 h1:cMr9VOv+d3xVD+ufWrmAU6j66C4gJu0rL7sWWkw2WAM=
github.com/zshorz/ezlog v0.1.3/go.mod h1:PbKC0E5LaOrUyQqU/iLqbYZEdJ5ibIjukuvxF9U90Y0=
